
Microsoft Visual Studio Solution File, Format Version 12.00
# Visual Studio Version 17
VisualStudioVersion = 17.7.34024.191
MinimumVisualStudioVersion = 10.0.40219.1
Project("{FAE04EC0-301F-11D3-BF4B-00C04F79EFBC}") = "Sifreli_Veriler", "Sifreli_Veriler\Sifreli_Veriler.csproj", "{6A926C1A-39A5-465B-83E9-73C016CAD43E}"
EndProject
Global
	GlobalSection(SolutionConfigurationPlatforms) = preSolution
		Debug|Any CPU = Debug|Any CPU
		Release|Any CPU = Release|Any CPU
	EndGlobalSection
	GlobalSection(ProjectConfigurationPlatforms) = postSolution
		{6A926C1A-39A5-465B-83E9-73C016CAD43E}.Debug|Any CPU.ActiveCfg = Debug|Any CPU
		{6A926C1A-39A5-465B-83E9-73C016CAD43E}.Debug|Any CPU.Build.0 = Debug|Any CPU
		{6A926C1A-39A5-465B-83E9-73C016CAD43E}.Release|Any CPU.ActiveCfg = Release|Any CPU
		{6A926C1A-39A5-465B-83E9-73C016CAD43E}.Release|Any CPU.Build.0 = Release|Any CPU
	EndGlobalSection
	GlobalSection(SolutionProperties) = preSolution
		HideSolutionNode = FALSE
	EndGlobalSection
	GlobalSection(ExtensibilityGlobals) = postSolution
		SolutionGuid = {6393AF0A-905D-4940-92AB-6B4FF452BC9C}
	EndGlobalSection
EndGlobal
